// !$*UTF8*$!
{
	archiveVersion = 1;
	classes = {
	};
	objectVersion = 55;
	objects = {

/* Begin PBXBuildFile section */
		AE7754E628C1F39E00FA159F /* Profile.swift in Sources */ = {isa = PBXBuildFile; fileRef = AE7754E528C1F39E00FA159F /* Profile.swift */; };
		AE7754E928C1F50500FA159F /* ProfileHost.swift in Sources */ = {isa = PBXBuildFile; fileRef = AE7754E828C1F50500FA159F /* ProfileHost.swift */; };
		AE7754EB28C1F62500FA159F /* ProfileSummar.swift in Sources */ = {isa = PBXBuildFile; fileRef = AE7754EA28C1F62500FA159F /* ProfileSummar.swift */; };
		AE7754ED28C1F80A00FA159F /* HikeBadge.swift in Sources */ = {isa = PBXBuildFile; fileRef = AE7754EC28C1F80A00FA159F /* HikeBadge.swift */; };
		AE7754EF28C20FD200FA159F /* ProfileEditor.swift in Sources */ = {isa = PBXBuildFile; fileRef = AE7754EE28C20FD200FA159F /* ProfileEditor.swift */; };
		AE80669A28C34CBD006AAA6C /* PageView.swift in Sources */ = {isa = PBXBuildFile; fileRef = AE80669928C34CBD006AAA6C /* PageView.swift */; };
		AE80669C28C35C10006AAA6C /* PageControl.swift in Sources */ = {isa = PBXBuildFile; fileRef = AE80669B28C35C10006AAA6C /* PageControl.swift */; };
		AE8289B328C1CF5B00D2A150 /* RotatedBadgeSymbol.swift in Sources */ = {isa = PBXBuildFile; fileRef = AE8289B228C1CF5B00D2A150 /* RotatedBadgeSymbol.swift */; };
		AE8289B528C1D10500D2A150 /* Badge.swift in Sources */ = {isa = PBXBuildFile; fileRef = AE8289B428C1D10500D2A150 /* Badge.swift */; };
		AE8289B728C1D48000D2A150 /* hikeData.json in Resources */ = {isa = PBXBuildFile; fileRef = AE8289B628C1D48000D2A150 /* hikeData.json */; };
		AE8289B928C1D4BB00D2A150 /* Hike.swift in Sources */ = {isa = PBXBuildFile; fileRef = AE8289B828C1D4BB00D2A150 /* Hike.swift */; };
		AE8289C328C1D9AC00D2A150 /* HikeView.swift in Sources */ = {isa = PBXBuildFile; fileRef = AE8289BF28C1D9AC00D2A150 /* HikeView.swift */; };
		AE8289C428C1D9AC00D2A150 /* HikeGraph.swift in Sources */ = {isa = PBXBuildFile; fileRef = AE8289C028C1D9AC00D2A150 /* HikeGraph.swift */; };
		AE8289C528C1D9AC00D2A150 /* HikeDetail.swift in Sources */ = {isa = PBXBuildFile; fileRef = AE8289C128C1D9AC00D2A150 /* HikeDetail.swift */; };
		AE8289C628C1D9AC00D2A150 /* GraphCapsule.swift in Sources */ = {isa = PBXBuildFile; fileRef = AE8289C228C1D9AC00D2A150 /* GraphCapsule.swift */; };
		AE8289C928C1E19000D2A150 /* CategoryHome.swift in Sources */ = {isa = PBXBuildFile; fileRef = AE8289C828C1E19000D2A150 /* CategoryHome.swift */; };
		AE8289CB28C1E70000D2A150 /* CategoryRow.swift in Sources */ = {isa = PBXBuildFile; fileRef = AE8289CA28C1E70000D2A150 /* CategoryRow.swift */; };
		AE8289CD28C1E9A300D2A150 /* CategoryItem.swift in Sources */ = {isa = PBXBuildFile; fileRef = AE8289CC28C1E9A300D2A150 /* CategoryItem.swift */; };
		AE94226228C21BC90015BF2B /* PageViewController.swift in Sources */ = {isa = PBXBuildFile; fileRef = AE94226128C21BC90015BF2B /* PageViewController.swift */; };
		AE94226428C223F40015BF2B /* FeatureCard.swift in Sources */ = {isa = PBXBuildFile; fileRef = AE94226328C223F40015BF2B /* FeatureCard.swift */; };
		AEC6C68B28C09EE600236696 /* LandmarkApp.swift in Sources */ = {isa = PBXBuildFile; fileRef = AEC6C68A28C09EE600236696 /* LandmarkApp.swift */; };
		AEC6C68D28C09EE600236696 /* ContentView.swift in Sources */ = {isa = PBXBuildFile; fileRef = AEC6C68C28C09EE600236696 /* ContentView.swift */; };
		AEC6C68F28C09EE800236696 /* Assets.xcassets in Resources */ = {isa = PBXBuildFile; fileRef = AEC6C68E28C09EE800236696 /* Assets.xcassets */; };
		AEC6C69228C09EE800236696 /* Preview Assets.xcassets in Resources */ = {isa = PBXBuildFile; fileRef = AEC6C69128C09EE800236696 /* Preview Assets.xcassets */; };
		AEC6C69928C0A33900236696 /* CircleImage.swift in Sources */ = {isa = PBXBuildFile; fileRef = AEC6C69828C0A33900236696 /* CircleImage.swift */; };
		AEC6C69B28C0A41500236696 /* MapView.swift in Sources */ = {isa = PBXBuildFile; fileRef = AEC6C69A28C0A41500236696 /* MapView.swift */; };
		AEC6C69D28C0A82900236696 /* landmarkData.json in Resources */ = {isa = PBXBuildFile; fileRef = AEC6C69C28C0A82900236696 /* landmarkData.json */; };
		AEC6C69F28C0A8AB00236696 /* Landmark.swift in Sources */ = {isa = PBXBuildFile; fileRef = AEC6C69E28C0A8AB00236696 /* Landmark.swift */; };
		AEC6C6A128C0A9F900236696 /* ModelData.swift in Sources */ = {isa = PBXBuildFile; fileRef = AEC6C6A028C0A9F900236696 /* ModelData.swift */; };
		AEC6C6A628C0AD2800236696 /* LandmarkRow.swift in Sources */ = {isa = PBXBuildFile; fileRef = AEC6C6A528C0AD2800236696 /* LandmarkRow.swift */; };
		AEC6C6A828C0B14700236696 /* LandmarkList.swift in Sources */ = {isa = PBXBuildFile; fileRef = AEC6C6A728C0B14700236696 /* LandmarkList.swift */; };
		AEC6C6AA28C0B36300236696 /* LandmarkDatail.swift in Sources */ = {isa = PBXBuildFile; fileRef = AEC6C6A928C0B36300236696 /* LandmarkDatail.swift */; };
		AEC6C6AC28C0C77600236696 /* FavoriteButton.swift in Sources */ = {isa = PBXBuildFile; fileRef = AEC6C6AB28C0C77600236696 /* FavoriteButton.swift */; };
		AEC6C6B028C0D19E00236696 /* HaxagonPrameters.swift in Sources */ = {isa = PBXBuildFile; fileRef = AEC6C6AF28C0D19E00236696 /* HaxagonPrameters.swift */; };
		AEC6C6B228C0D3AC00236696 /* BadgeBackground.swift in Sources */ = {isa = PBXBuildFile; fileRef = AEC6C6B128C0D3AC00236696 /* BadgeBackground.swift */; };
		AEC6C6B428C0DAD200236696 /* BadgeSymbol.swift in Sources */ = {isa = PBXBuildFile; fileRef = AEC6C6B328C0DAD200236696 /* BadgeSymbol.swift */; };
/* End PBXBuildFile section */

/* Begin PBXFileReference section */
		AE7754E528C1F39E00FA159F /* Profile.swift */ = {isa = PBXFileReference; lastKnownFileType = sourcecode.swift; path = Profile.swift; sourceTree = "<group>"; };
		AE7754E828C1F50500FA159F /* ProfileHost.swift */ = {isa = PBXFileReference; lastKnownFileType = sourcecode.swift; path = ProfileHost.swift; sourceTree = "<group>"; };
		AE7754EA28C1F62500FA159F /* ProfileSummar.swift */ = {isa = PBXFileReference; lastKnownFileType = sourcecode.swift; path = ProfileSummar.swift; sourceTree = "<group>"; };
		AE7754EC28C1F80A00FA159F /* HikeBadge.swift */ = {isa = PBXFileReference; lastKnownFileType = sourcecode.swift; path = HikeBadge.swift; sourceTree = "<group>"; };
		AE7754EE28C20FD200FA159F /* ProfileEditor.swift */ = {isa = PBXFileReference; lastKnownFileType = sourcecode.swift; path = ProfileEditor.swift; sourceTree = "<group>"; };
		AE80669928C34CBD006AAA6C /* PageView.swift */ = {isa = PBXFileReference; lastKnownFileType = sourcecode.swift; path = PageView.swift; sourceTree = "<group>"; };
		AE80669B28C35C10006AAA6C /* PageControl.swift */ = {isa = PBXFileReference; lastKnownFileType = sourcecode.swift; path = PageControl.swift; sourceTree = "<group>"; };
		AE8289B228C1CF5B00D2A150 /* RotatedBadgeSymbol.swift */ = {isa = PBXFileReference; lastKnownFileType = sourcecode.swift; path = RotatedBadgeSymbol.swift; sourceTree = "<group>"; };
		AE8289B428C1D10500D2A150 /* Badge.swift */ = {isa = PBXFileReference; lastKnownFileType = sourcecode.swift; path = Badge.swift; sourceTree = "<group>"; };
		AE8289B628C1D48000D2A150 /* hikeData.json */ = {isa = PBXFileReference; fileEncoding = 4; lastKnownFileType = text.json; path = hikeData.json; sourceTree = "<group>"; };
		AE8289B828C1D4BB00D2A150 /* Hike.swift */ = {isa = PBXFileReference; lastKnownFileType = sourcecode.swift; path = Hike.swift; sourceTree = "<group>"; };
		AE8289BF28C1D9AC00D2A150 /* HikeView.swift */ = {isa = PBXFileReference; fileEncoding = 4; lastKnownFileType = sourcecode.swift; path = HikeView.swift; sourceTree = "<group>"; };
		AE8289C028C1D9AC00D2A150 /* HikeGraph.swift */ = {isa = PBXFileReference; fileEncoding = 4; lastKnownFileType = sourcecode.swift; path = HikeGraph.swift; sourceTree = "<group>"; };
		AE8289C128C1D9AC00D2A150 /* HikeDetail.swift */ = {isa = PBXFileReference; fileEncoding = 4; lastKnownFileType = sourcecode.swift; path = HikeDetail.swift; sourceTree = "<group>"; };
		AE8289C228C1D9AC00D2A150 /* GraphCapsule.swift */ = {isa = PBXFileReference; fileEncoding = 4; lastKnownFileType = sourcecode.swift; path = GraphCapsule.swift; sourceTree = "<group>"; };
		AE8289C828C1E19000D2A150 /* CategoryHome.swift */ = {isa = PBXFileReference; lastKnownFileType = sourcecode.swift; path = CategoryHome.swift; sourceTree = "<group>"; };
		AE8289CA28C1E70000D2A150 /* CategoryRow.swift */ = {isa = PBXFileReference; lastKnownFileType = sourcecode.swift; path = CategoryRow.swift; sourceTree = "<group>"; };
		AE8289CC28C1E9A300D2A150 /* CategoryItem.swift */ = {isa = PBXFileReference; lastKnownFileType = sourcecode.swift; path = CategoryItem.swift; sourceTree = "<group>"; };
		AE94226128C21BC90015BF2B /* PageViewController.swift */ = {isa = PBXFileReference; lastKnownFileType = sourcecode.swift; path = PageViewController.swift; sourceTree = "<group>"; };
		AE94226328C223F40015BF2B /* FeatureCard.swift */ = {isa = PBXFileReference; lastKnownFileType = sourcecode.swift; path = FeatureCard.swift; sourceTree = "<group>"; };
		AEC6C68728C09EE600236696 /* Landmark.app */ = {isa = PBXFileReference; explicitFileType = wrapper.application; includeInIndex = 0; path = Landmark.app; sourceTree = BUILT_PRODUCTS_DIR; };
		AEC6C68A28C09EE600236696 /* LandmarkApp.swift */ = {isa = PBXFileReference; lastKnownFileType = sourcecode.swift; path = LandmarkApp.swift; sourceTree = "<group>"; };
		AEC6C68C28C09EE600236696 /* ContentView.swift */ = {isa = PBXFileReference; lastKnownFileType = sourcecode.swift; path = ContentView.swift; sourceTree = "<group>"; };
		AEC6C68E28C09EE800236696 /* Assets.xcassets */ = {isa = PBXFileReference; lastKnownFileType = folder.assetcatalog; path = Assets.xcassets; sourceTree = "<group>"; };
		AEC6C69128C09EE800236696 /* Preview Assets.xcassets */ = {isa = PBXFileReference; lastKnownFileType = folder.assetcatalog; path = "Preview Assets.xcassets"; sourceTree = "<group>"; };
		AEC6C69828C0A33900236696 /* CircleImage.swift */ = {isa = PBXFileReference; lastKnownFileType = sourcecode.swift; path = CircleImage.swift; sourceTree = "<group>"; };
		AEC6C69A28C0A41500236696 /* MapView.swift */ = {isa = PBXFileReference; lastKnownFileType = sourcecode.swift; path = MapView.swift; sourceTree = "<group>"; };
		AEC6C69C28C0A82900236696 /* landmarkData.json */ = {isa = PBXFileReference; fileEncoding = 4; lastKnownFileType = text.json; path = landmarkData.json; sourceTree = "<group>"; };
		AEC6C69E28C0A8AB00236696 /* Landmark.swift */ = {isa = PBXFileReference; lastKnownFileType = sourcecode.swift; path = Landmark.swift; sourceTree = "<group>"; };
		AEC6C6A028C0A9F900236696 /* ModelData.swift */ = {isa = PBXFileReference; lastKnownFileType = sourcecode.swift; path = ModelData.swift; sourceTree = "<group>"; };
		AEC6C6A528C0AD2800236696 /* LandmarkRow.swift */ = {isa = PBXFileReference; lastKnownFileType = sourcecode.swift; path = LandmarkRow.swift; sourceTree = "<group>"; };
		AEC6C6A728C0B14700236696 /* LandmarkList.swift */ = {isa = PBXFileReference; lastKnownFileType = sourcecode.swift; path = LandmarkList.swift; sourceTree = "<group>"; };
		AEC6C6A928C0B36300236696 /* LandmarkDatail.swift */ = {isa = PBXFileReference; lastKnownFileType = sourcecode.swift; path = LandmarkDatail.swift; sourceTree = "<group>"; };
		AEC6C6AB28C0C77600236696 /* FavoriteButton.swift */ = {isa = PBXFileReference; lastKnownFileType = sourcecode.swift; path = FavoriteButton.swift; sourceTree = "<group>"; };
		AEC6C6AF28C0D19E00236696 /* HaxagonPrameters.swift */ = {isa = PBXFileReference; lastKnownFileType = sourcecode.swift; path = HaxagonPrameters.swift; sourceTree = "<group>"; };
		AEC6C6B128C0D3AC00236696 /* BadgeBackground.swift */ = {isa = PBXFileReference; lastKnownFileType = sourcecode.swift; path = BadgeBackground.swift; sourceTree = "<group>"; };
		AEC6C6B328C0DAD200236696 /* BadgeSymbol.swift */ = {isa = PBXFileReference; lastKnownFileType = sourcecode.swift; path = BadgeSymbol.swift; sourceTree = "<group>"; };
/* End PBXFileReference section */

/* Begin PBXFrameworksBuildPhase section */
		AEC6C68428C09EE600236696 /* Frameworks */ = {
			isa = PBXFrameworksBuildPhase;
			buildActionMask = 2147483647;
			files = (
			);
			runOnlyForDeploymentPostprocessing = 0;
		};
/* End PBXFrameworksBuildPhase section */

/* Begin PBXGroup section */
		AE7754E728C1F4EE00FA159F /* Profile */ = {
			isa = PBXGroup;
			children = (
				AE7754E828C1F50500FA159F /* ProfileHost.swift */,
				AE7754EA28C1F62500FA159F /* ProfileSummar.swift */,
				AE7754EE28C20FD200FA159F /* ProfileEditor.swift */,
			);
			path = Profile;
			sourceTree = "<group>";
		};
		AE7754F028C21A8600FA159F /* PageView */ = {
			isa = PBXGroup;
			children = (
				AE94226128C21BC90015BF2B /* PageViewController.swift */,
				AE80669B28C35C10006AAA6C /* PageControl.swift */,
				AE80669928C34CBD006AAA6C /* PageView.swift */,
			);
			path = PageView;
			sourceTree = "<group>";
		};
		AE8289BE28C1D99D00D2A150 /* Hikes */ = {
			isa = PBXGroup;
			children = (
				AE8289C228C1D9AC00D2A150 /* GraphCapsule.swift */,
				AE8289C128C1D9AC00D2A150 /* HikeDetail.swift */,
				AE8289C028C1D9AC00D2A150 /* HikeGraph.swift */,
				AE8289BF28C1D9AC00D2A150 /* HikeView.swift */,
				AE7754EC28C1F80A00FA159F /* HikeBadge.swift */,
			);
			path = Hikes;
			sourceTree = "<group>";
		};
		AE8289C728C1E17200D2A150 /* Categories */ = {
			isa = PBXGroup;
			children = (
				AE8289C828C1E19000D2A150 /* CategoryHome.swift */,
				AE8289CA28C1E70000D2A150 /* CategoryRow.swift */,
				AE8289CC28C1E9A300D2A150 /* CategoryItem.swift */,
			);
			path = Categories;
			sourceTree = "<group>";
		};
		AEC6C67E28C09EE600236696 = {
			isa = PBXGroup;
			children = (
				AEC6C68928C09EE600236696 /* Landmark */,
				AEC6C68828C09EE600236696 /* Products */,
			);
			sourceTree = "<group>";
		};
		AEC6C68828C09EE600236696 /* Products */ = {
			isa = PBXGroup;
			children = (
				AEC6C68728C09EE600236696 /* Landmark.app */,
			);
			name = Products;
			sourceTree = "<group>";
		};
		AEC6C68928C09EE600236696 /* Landmark */ = {
			isa = PBXGroup;
			children = (
				AEC6C6A428C0AC0600236696 /* Resources */,
				AEC6C6A328C0ABFF00236696 /* Model */,
				AEC6C6A228C0ABF700236696 /* View */,
				AEC6C68A28C09EE600236696 /* LandmarkApp.swift */,
				AEC6C68E28C09EE800236696 /* Assets.xcassets */,
				AEC6C69028C09EE800236696 /* Preview Content */,
			);
			path = Landmark;
			sourceTree = "<group>";
		};
		AEC6C69028C09EE800236696 /* Preview Content */ = {
			isa = PBXGroup;
			children = (
				AEC6C69128C09EE800236696 /* Preview Assets.xcassets */,
			);
			path = "Preview Content";
			sourceTree = "<group>";
		};
		AEC6C6A228C0ABF700236696 /* View */ = {
			isa = PBXGroup;
			children = (
				AE7754F028C21A8600FA159F /* PageView */,
				AE7754E728C1F4EE00FA159F /* Profile */,
				AE8289C728C1E17200D2A150 /* Categories */,
				AE8289BE28C1D99D00D2A150 /* Hikes */,
				AEC6C6AE28C0D0C900236696 /* Landmarks */,
				AEC6C6AD28C0D0BF00236696 /* Helpers */,
				AEC6C68C28C09EE600236696 /* ContentView.swift */,
				AEC6C6AF28C0D19E00236696 /* HaxagonPrameters.swift */,
				AEC6C6B128C0D3AC00236696 /* BadgeBackground.swift */,
				AEC6C6B328C0DAD200236696 /* BadgeSymbol.swift */,
				AE8289B228C1CF5B00D2A150 /* RotatedBadgeSymbol.swift */,
				AE8289B428C1D10500D2A150 /* Badge.swift */,
				AE94226328C223F40015BF2B /* FeatureCard.swift */,
			);
			path = View;
			sourceTree = "<group>";
		};
		AEC6C6A328C0ABFF00236696 /* Model */ = {
			isa = PBXGroup;
			children = (
				AEC6C6A028C0A9F900236696 /* ModelData.swift */,
				AEC6C69E28C0A8AB00236696 /* Landmark.swift */,
				AE8289B828C1D4BB00D2A150 /* Hike.swift */,
				AE7754E528C1F39E00FA159F /* Profile.swift */,
			);
			path = Model;
			sourceTree = "<group>";
		};
		AEC6C6A428C0AC0600236696 /* Resources */ = {
			isa = PBXGroup;
			children = (
				AE8289B628C1D48000D2A150 /* hikeData.json */,
				AEC6C69C28C0A82900236696 /* landmarkData.json */,
			);
			path = Resources;
			sourceTree = "<group>";
		};
		AEC6C6AD28C0D0BF00236696 /* Helpers */ = {
			isa = PBXGroup;
			children = (
				AEC6C69828C0A33900236696 /* CircleImage.swift */,
				AEC6C69A28C0A41500236696 /* MapView.swift */,
				AEC6C6AB28C0C77600236696 /* FavoriteButton.swift */,
			);
			path = Helpers;
			sourceTree = "<group>";
		};
		AEC6C6AE28C0D0C900236696 /* Landmarks */ = {
			isa = PBXGroup;
			children = (
				AEC6C6A728C0B14700236696 /* LandmarkList.swift */,
				AEC6C6A928C0B36300236696 /* LandmarkDatail.swift */,
				AEC6C6A528C0AD2800236696 /* LandmarkRow.swift */,
			);
			path = Landmarks;
			sourceTree = "<group>";
		};
/* End PBXGroup section */

/* Begin PBXNativeTarget section */
		AEC6C68628C09EE600236696 /* Landmark */ = {
			isa = PBXNativeTarget;
			buildConfigurationList = AEC6C69528C09EE800236696 /* Build configuration list for PBXNativeTarget "Landmark" */;
			buildPhases = (
				AEC6C68328C09EE600236696 /* Sources */,
				AEC6C68428C09EE600236696 /* Frameworks */,
				AEC6C68528C09EE600236696 /* Resources */,
			);
			buildRules = (
			);
			dependencies = (
			);
			name = Landmark;
			productName = Landmark;
			productReference = AEC6C68728C09EE600236696 /* Landmark.app */;
			productType = "com.apple.product-type.application";
		};
/* End PBXNativeTarget section */

/* Begin PBXProject section */
		AEC6C67F28C09EE600236696 /* Project object */ = {
			isa = PBXProject;
			attributes = {
				BuildIndependentTargetsInParallel = 1;
				LastSwiftUpdateCheck = 1340;
				LastUpgradeCheck = 1340;
				TargetAttributes = {
					AEC6C68628C09EE600236696 = {
						CreatedOnToolsVersion = 13.4.1;
					};
				};
			};
			buildConfigurationList = AEC6C68228C09EE600236696 /* Build configuration list for PBXProject "Landmark" */;
			compatibilityVersion = "Xcode 13.0";
			developmentRegion = en;
			hasScannedForEncodings = 0;
			knownRegions = (
				en,
				Base,
			);
			mainGroup = AEC6C67E28C09EE600236696;
			productRefGroup = AEC6C68828C09EE600236696 /* Products */;
			projectDirPath = "";
			projectRoot = "";
			targets = (
				AEC6C68628C09EE600236696 /* Landmark */,
			);
		};
/* End PBXProject section */

/* Begin PBXResourcesBuildPhase section */
		AEC6C68528C09EE600236696 /* Resources */ = {
			isa = PBXResourcesBuildPhase;
			buildActionMask = 2147483647;
			files = (
				AE8289B728C1D48000D2A150 /* hikeData.json in Resources */,
				AEC6C69228C09EE800236696 /* Preview Assets.xcassets in Resources */,
				AEC6C68F28C09EE800236696 /* Assets.xcassets in Resources */,
				AEC6C69D28C0A82900236696 /* landmarkData.json in Resources */,
			);
			runOnlyForDeploymentPostprocessing = 0;
		};
/* End PBXResourcesBuildPhase section */

/* Begin PBXSourcesBuildPhase section */
		AEC6C68328C09EE600236696 /* Sources */ = {
			isa = PBXSourcesBuildPhase;
			buildActionMask = 2147483647;
			files = (
				AE8289CB28C1E70000D2A150 /* CategoryRow.swift in Sources */,
				AE7754E628C1F39E00FA159F /* Profile.swift in Sources */,
				AE8289C628C1D9AC00D2A150 /* GraphCapsule.swift in Sources */,
				AE8289C928C1E19000D2A150 /* CategoryHome.swift in Sources */,
				AE94226428C223F40015BF2B /* FeatureCard.swift in Sources */,
				AEC6C68D28C09EE600236696 /* ContentView.swift in Sources */,
				AE8289C428C1D9AC00D2A150 /* HikeGraph.swift in Sources */,
				AE8289B528C1D10500D2A150 /* Badge.swift in Sources */,
				AEC6C69B28C0A41500236696 /* MapView.swift in Sources */,
				AE7754EB28C1F62500FA159F /* ProfileSummar.swift in Sources */,
				AE80669C28C35C10006AAA6C /* PageControl.swift in Sources */,
				AEC6C68B28C09EE600236696 /* LandmarkApp.swift in Sources */,
				AEC6C6AC28C0C77600236696 /* FavoriteButton.swift in Sources */,
				AE8289CD28C1E9A300D2A150 /* CategoryItem.swift in Sources */,
				AE8289C328C1D9AC00D2A150 /* HikeView.swift in Sources */,
				AE8289C528C1D9AC00D2A150 /* HikeDetail.swift in Sources */,
				AE7754E928C1F50500FA159F /* ProfileHost.swift in Sources */,
				AEC6C6A828C0B14700236696 /* LandmarkList.swift in Sources */,
				AE8289B928C1D4BB00D2A150 /* Hike.swift in Sources */,
				AE80669A28C34CBD006AAA6C /* PageView.swift in Sources */,
				AE8289B328C1CF5B00D2A150 /* RotatedBadgeSymbol.swift in Sources */,
				AE7754EF28C20FD200FA159F /* ProfileEditor.swift in Sources */,
				AEC6C6B428C0DAD200236696 /* BadgeSymbol.swift in Sources */,
				AEC6C69928C0A33900236696 /* CircleImage.swift in Sources */,
				AEC6C69F28C0A8AB00236696 /* Landmark.swift in Sources */,
				AE94226228C21BC90015BF2B /* PageViewController.swift in Sources */,
				AEC6C6B228C0D3AC00236696 /* BadgeBackground.swift in Sources */,
				AE7754ED28C1F80A00FA159F /* HikeBadge.swift in Sources */,
				AEC6C6B028C0D19E00236696 /* HaxagonPrameters.swift in Sources */,
				AEC6C6AA28C0B36300236696 /* LandmarkDatail.swift in Sources */,
				AEC6C6A628C0AD2800236696 /* LandmarkRow.swift in Sources */,
				AEC6C6A128C0A9F900236696 /* ModelData.swift in Sources */,
			);
			runOnlyForDeploymentPostprocessing = 0;
		};
/* End PBXSourcesBuildPhase section */

/* Begin XCBuildConfiguration section */
		AEC6C69328C09EE800236696 /* Debug */ = {
			isa = XCBuildConfiguration;
			buildSettings = {
				ALWAYS_SEARCH_USER_PATHS = NO;
				CLANG_ANALYZER_NONNULL = YES;
				CLANG_ANALYZER_NUMBER_OBJECT_CONVERSION = YES_AGGRESSIVE;
				CLANG_CXX_LANGUAGE_STANDARD = "gnu++17";
				CLANG_ENABLE_MODULES = YES;
				CLANG_ENABLE_OBJC_ARC = YES;
				CLANG_ENABLE_OBJC_WEAK = YES;
				CLANG_WARN_BLOCK_CAPTURE_AUTORELEASING = YES;
				CLANG_WARN_BOOL_CONVERSION = YES;
				CLANG_WARN_COMMA = YES;
				CLANG_WARN_CONSTANT_CONVERSION = YES;
				CLANG_WARN_DEPRECATED_OBJC_IMPLEMENTATIONS = YES;
				CLANG_WARN_DIRECT_OBJC_ISA_USAGE = YES_ERROR;
				CLANG_WARN_DOCUMENTATION_COMMENTS = YES;
				CLANG_WARN_EMPTY_BODY = YES;
				CLANG_WARN_ENUM_CONVERSION = YES;
				CLANG_WARN_INFINITE_RECURSION = YES;
				CLANG_WARN_INT_CONVERSION = YES;
				CLANG_WARN_NON_LITERAL_NULL_CONVERSION = YES;
				CLANG_WARN_OBJC_IMPLICIT_RETAIN_SELF = YES;
				CLANG_WARN_OBJC_LITERAL_CONVERSION = YES;
				CLANG_WARN_OBJC_ROOT_CLASS = YES_ERROR;
				CLANG_WARN_QUOTED_INCLUDE_IN_FRAMEWORK_HEADER = YES;
				CLANG_WARN_RANGE_LOOP_ANALYSIS = YES;
				CLANG_WARN_STRICT_PROTOTYPES = YES;
				CLANG_WARN_SUSPICIOUS_MOVE = YES;
				CLANG_WARN_UNGUARDED_AVAILABILITY = YES_AGGRESSIVE;
				CLANG_WARN_UNREACHABLE_CODE = YES;
				CLANG_WARN__DUPLICATE_METHOD_MATCH = YES;
				COPY_PHASE_STRIP = NO;
				DEBUG_INFORMATION_FORMAT = dwarf;
				ENABLE_STRICT_OBJC_MSGSEND = YES;
				ENABLE_TESTABILITY = YES;
				GCC_C_LANGUAGE_STANDARD = gnu11;
				GCC_DYNAMIC_NO_PIC = NO;
				GCC_NO_COMMON_BLOCKS = YES;
				GCC_OPTIMIZATION_LEVEL = 0;
				GCC_PREPROCESSOR_DEFINITIONS = (
					"DEBUG=1",
					"$(inherited)",
				);
				GCC_WARN_64_TO_32_BIT_CONVERSION = YES;
				GCC_WARN_ABOUT_RETURN_TYPE = YES_ERROR;
				GCC_WARN_UNDECLARED_SELECTOR = YES;
				GCC_WARN_UNINITIALIZED_AUTOS = YES_AGGRESSIVE;
				GCC_WARN_UNUSED_FUNCTION = YES;
				GCC_WARN_UNUSED_VARIABLE = YES;
				IPHONEOS_DEPLOYMENT_TARGET = 15.5;
				MTL_ENABLE_DEBUG_INFO = INCLUDE_SOURCE;
				MTL_FAST_MATH = YES;
				ONLY_ACTIVE_ARCH = YES;
				SDKROOT = iphoneos;
				SWIFT_ACTIVE_COMPILATION_CONDITIONS = DEBUG;
				SWIFT_OPTIMIZATION_LEVEL = "-Onone";
			};
			name = Debug;
		};
		AEC6C69428C09EE800236696 /* Release */ = {
			isa = XCBuildConfiguration;
			buildSettings = {
				ALWAYS_SEARCH_USER_PATHS = NO;
				CLANG_ANALYZER_NONNULL = YES;
				CLANG_ANALYZER_NUMBER_OBJECT_CONVERSION = YES_AGGRESSIVE;
				CLANG_CXX_LANGUAGE_STANDARD = "gnu++17";
				CLANG_ENABLE_MODULES = YES;
				CLANG_ENABLE_OBJC_ARC = YES;
				CLANG_ENABLE_OBJC_WEAK = YES;
				CLANG_WARN_BLOCK_CAPTURE_AUTORELEASING = YES;
				CLANG_WARN_BOOL_CONVERSION = YES;
				CLANG_WARN_COMMA = YES;
				CLANG_WARN_CONSTANT_CONVERSION = YES;
				CLANG_WARN_DEPRECATED_OBJC_IMPLEMENTATIONS = YES;
				CLANG_WARN_DIRECT_OBJC_ISA_USAGE = YES_ERROR;
				CLANG_WARN_DOCUMENTATION_COMMENTS = YES;
				CLANG_WARN_EMPTY_BODY = YES;
				CLANG_WARN_ENUM_CONVERSION = YES;
				CLANG_WARN_INFINITE_RECURSION = YES;
				CLANG_WARN_INT_CONVERSION = YES;
				CLANG_WARN_NON_LITERAL_NULL_CONVERSION = YES;
				CLANG_WARN_OBJC_IMPLICIT_RETAIN_SELF = YES;
				CLANG_WARN_OBJC_LITERAL_CONVERSION = YES;
				CLANG_WARN_OBJC_ROOT_CLASS = YES_ERROR;
				CLANG_WARN_QUOTED_INCLUDE_IN_FRAMEWORK_HEADER = YES;
				CLANG_WARN_RANGE_LOOP_ANALYSIS = YES;
				CLANG_WARN_STRICT_PROTOTYPES = YES;
				CLANG_WARN_SUSPICIOUS_MOVE = YES;
				CLANG_WARN_UNGUARDED_AVAILABILITY = YES_AGGRESSIVE;
				CLANG_WARN_UNREACHABLE_CODE = YES;
				CLANG_WARN__DUPLICATE_METHOD_MATCH = YES;
				COPY_PHASE_STRIP = NO;
				DEBUG_INFORMATION_FORMAT = "dwarf-with-dsym";
				ENABLE_NS_ASSERTIONS = NO;
				ENABLE_STRICT_OBJC_MSGSEND = YES;
				GCC_C_LANGUAGE_STANDARD = gnu11;
				GCC_NO_COMMON_BLOCKS = YES;
				GCC_WARN_64_TO_32_BIT_CONVERSION = YES;
				GCC_WARN_ABOUT_RETURN_TYPE = YES_ERROR;
				GCC_WARN_UNDECLARED_SELECTOR = YES;
				GCC_WARN_UNINITIALIZED_AUTOS = YES_AGGRESSIVE;
				GCC_WARN_UNUSED_FUNCTION = YES;
				GCC_WARN_UNUSED_VARIABLE = YES;
				IPHONEOS_DEPLOYMENT_TARGET = 15.5;
				MTL_ENABLE_DEBUG_INFO = NO;
				MTL_FAST_MATH = YES;
				SDKROOT = iphoneos;
				SWIFT_COMPILATION_MODE = wholemodule;
				SWIFT_OPTIMIZATION_LEVEL = "-O";
				VALIDATE_PRODUCT = YES;
			};
			name = Release;
		};
		AEC6C69628C09EE800236696 /* Debug */ = {
			isa = XCBuildConfiguration;
			buildSettings = {
				ASSETCATALOG_COMPILER_APPICON_NAME = AppIcon;
				ASSETCATALOG_COMPILER_GLOBAL_ACCENT_COLOR_NAME = AccentColor;
				CODE_SIGN_STYLE = Automatic;
				CURRENT_PROJECT_VERSION = 1;
				DEVELOPMENT_ASSET_PATHS = "\"Landmark/Preview Content\"";
				ENABLE_PREVIEWS = YES;
				GENERATE_INFOPLIST_FILE = YES;
				INFOPLIST_KEY_UIApplicationSceneManifest_Generation = YES;
				INFOPLIST_KEY_UIApplicationSupportsIndirectInputEvents = YES;
				INFOPLIST_KEY_UILaunchScreen_Generation = YES;
				INFOPLIST_KEY_UISupportedInterfaceOrientations_iPad = "UIInterfaceOrientationPortrait UIInterfaceOrientationPortraitUpsideDown UIInterfaceOrientationLandscapeLeft UIInterfaceOrientationLandscapeRight";
				INFOPLIST_KEY_UISupportedInterfaceOrientations_iPhone = "UIInterfaceOrientationPortrait UIInterfaceOrientationLandscapeLeft UIInterfaceOrientationLandscapeRight";
				LD_RUNPATH_SEARCH_PATHS = (
					"$(inherited)",
					"@executable_path/Frameworks",
				);
				MARKETING_VERSION = 1.0;
				PRODUCT_BUNDLE_IDENTIFIER = com.thecodebucket.Landmark;
				PRODUCT_NAME = "$(TARGET_NAME)";
				SWIFT_EMIT_LOC_STRINGS = YES;
				SWIFT_VERSION = 5.0;
				TARGETED_DEVICE_FAMILY = "1,2";
			};
			name = Debug;
		};
		AEC6C69728C09EE800236696 /* Release */ = {
			isa = XCBuildConfiguration;
			buildSettings = {
				ASSETCATALOG_COMPILER_APPICON_NAME = AppIcon;
				ASSETCATALOG_COMPILER_GLOBAL_ACCENT_COLOR_NAME = AccentColor;
				CODE_SIGN_STYLE = Automatic;
				CURRENT_PROJECT_VERSION = 1;
				DEVELOPMENT_ASSET_PATHS = "\"Landmark/Preview Content\"";
				ENABLE_PREVIEWS = YES;
				GENERATE_INFOPLIST_FILE = YES;
				INFOPLIST_KEY_UIApplicationSceneManifest_Generation = YES;
				INFOPLIST_KEY_UIApplicationSupportsIndirectInputEvents = YES;
				INFOPLIST_KEY_UILaunchScreen_Generation = YES;
				INFOPLIST_KEY_UISupportedInterfaceOrientations_iPad = "UIInterfaceOrientationPortrait UIInterfaceOrientationPortraitUpsideDown UIInterfaceOrientationLandscapeLeft UIInterfaceOrientationLandscapeRight";
				INFOPLIST_KEY_UISupportedInterfaceOrientations_iPhone = "UIInterfaceOrientationPortrait UIInterfaceOrientationLandscapeLeft UIInterfaceOrientationLandscapeRight";
				LD_RUNPATH_SEARCH_PATHS = (
					"$(inherited)",
					"@executable_path/Frameworks",
				);
				MARKETING_VERSION = 1.0;
				PRODUCT_BUNDLE_IDENTIFIER = com.thecodebucket.Landmark;
				PRODUCT_NAME = "$(TARGET_NAME)";
				SWIFT_EMIT_LOC_STRINGS = YES;
				SWIFT_VERSION = 5.0;
				TARGETED_DEVICE_FAMILY = "1,2";
			};
			name = Release;
		};
/* End XCBuildConfiguration section */

/* Begin XCConfigurationList section */
		AEC6C68228C09EE600236696 /* Build configuration list for PBXProject "Landmark" */ = {
			isa = XCConfigurationList;
			buildConfigurations = (
				AEC6C69328C09EE800236696 /* Debug */,
				AEC6C69428C09EE800236696 /* Release */,
			);
			defaultConfigurationIsVisible = 0;
			defaultConfigurationName = Release;
		};
		AEC6C69528C09EE800236696 /* Build configuration list for PBXNativeTarget "Landmark" */ = {
			isa = XCConfigurationList;
			buildConfigurations = (
				AEC6C69628C09EE800236696 /* Debug */,
				AEC6C69728C09EE800236696 /* Release */,
			);
			defaultConfigurationIsVisible = 0;
			defaultConfigurationName = Release;
		};
/* End XCConfigurationList section */
	};
	rootObject = AEC6C67F28C09EE600236696 /* Project object */;
}
